
Microsoft Visual Studio Solution File, Format Version 12.00
# Visual Studio Version 17
VisualStudioVersion = 17.9.34728.123
MinimumVisualStudioVersion = 10.0.40219.1
Project("{FAE04EC0-301F-11D3-BF4B-00C04F79EFBC}") = "Engine", "Engine.csproj", "{F75EEA13-02BD-41DB-9B09-611806C9331F}"
EndProject
Global
	GlobalSection(SolutionConfigurationPlatforms) = preSolution
		Debug|Any CPU = Debug|Any CPU
		Release|Any CPU = Release|Any CPU
	EndGlobalSection
	GlobalSection(ProjectConfigurationPlatforms) = postSolution
		{F75EEA13-02BD-41DB-9B09-611806C9331F}.Debug|Any CPU.ActiveCfg = Debug|Any CPU
		{F75EEA13-02BD-41DB-9B09-611806C9331F}.Debug|Any CPU.Build.0 = Debug|Any CPU
		{F75EEA13-02BD-41DB-9B09-611806C9331F}.Release|Any CPU.ActiveCfg = Release|Any CPU
		{F75EEA13-02BD-41DB-9B09-611806C9331F}.Release|Any CPU.Build.0 = Release|Any CPU
	EndGlobalSection
	GlobalSection(SolutionProperties) = preSolution
		HideSolutionNode = FALSE
	EndGlobalSection
	GlobalSection(ExtensibilityGlobals) = postSolution
		SolutionGuid = {964AE8B6-4863-43C0-8DD2-D18F528A62D6}
	EndGlobalSection
EndGlobal
